<?xml version="1.0" encoding="UTF-8" standalone="yes" ?>
<CodeBlocks_project_file>
	<FileVersion major="1" minor="6" />
	<Project>
		<Option title="titatronic" />
		<Option pch_mode="2" />
		<Option compiler="gcc" />
		<Build>
			<Target title="Debug">
				<Option output="bin/Debug/basicproject" prefix_auto="1" extension_auto="1" />
				<Option object_output="obj/Debug/" />
				<Option type="1" />
				<Option compiler="gcc" />
				<Compiler>
					<Add option="-g" />
				</Compiler>
			</Target>
			<Target title="Release">
				<Option output="bin/Release/basicproject" prefix_auto="1" extension_auto="1" />
				<Option object_output="obj/Release/" />
				<Option type="1" />
				<Option compiler="gcc" />
				<Compiler>
					<Add option="-O2" />
				</Compiler>
				<Linker>
					<Add option="-s" />
				</Linker>
			</Target>
		</Build>
		<Compiler>
			<Add option="-Wall" />
			<Add option="-fexceptions" />
		</Compiler>
		<Unit filename="ia.cpp" />
		<Unit filename="ia.h" />
		<Unit filename="main.cpp" />
		<Unit filename="obstacle_avoidance.cpp" />
		<Unit filename="obstacle_avoidance.h" />
		<Unit filename="pathplanning.cpp" />
		<Unit filename="pathplanning.h" />
		<Unit filename="positionctrl.cpp" />
		<Unit filename="positionctrl.h" />
		<Unit filename="speedctrl.cpp" />
		<Unit filename="speedctrl.h" />
		<Unit filename="struct.cpp" />
		<Unit filename="struct.h" />
		<Extensions>
			<code_completion />
			<envvars />
			<debugger />
			<lib_finder disable_auto="1" />
		</Extensions>
	</Project>
</CodeBlocks_project_file>
